{
  "name": "b943eb11-7449-481f-b76b-c5005eb551f7",
  "requires": true,
  "lockfileVersion": 1,
  "dependencies": {
    "iconv-lite": {
      "version": "0.2.11",
      "resolved": "https://registry.npmjs.org/iconv-lite/-/iconv-lite-0.2.11.tgz",
      "integrity": "sha512-KhmFWgaQZY83Cbhi+ADInoUQ8Etn6BG5fikM9syeOjQltvR45h7cRKJ/9uvQEuD61I3Uju77yYce0/LhKVClQw=="
    },
    "qs": {
      "version": "1.2.0",
      "resolved": "https://registry.npmjs.org/qs/-/qs-1.2.0.tgz",
      "integrity": "sha512-XUf0O7rlGjbH+n7uqyT+xn362fmoPe4ehtHL6VK1nbSgQ7CqG0ZZLr1nU2EyXlRq++YphPdQ/5scjIWNMSPnhg=="
    },
    "restler": {
      "version": "3.4.0",
      "resolved": "https://registry.npmjs.org/restler/-/restler-3.4.0.tgz",
      "integrity": "sha512-QqRzF7fToAKqd+8Sjqhc47oFuGWN766YcMTKXareLXDB4vVISq0BeHAkdYQpmSz+XUMZWMBxgmQhJztyk03JPA==",
      "requires": {
        "iconv-lite": "0.2.11",
        "qs": "1.2.0",
        "xml2js": "0.4.0",
        "yaml": "0.2.3"
      }
    },
    "sax": {
      "version": "0.5.8",
      "resolved": "https://registry.npmjs.org/sax/-/sax-0.5.8.tgz",
      "integrity": "sha512-c0YL9VcSfcdH3F1Qij9qpYJFpKFKMXNOkLWFssBL3RuF7ZS8oZhllR2rWlCRjDTJsfq3R6wbSsaRU6o0rkEdNw=="
    },
    "xml2js": {
      "version": "0.4.0",
      "resolved": "https://registry.npmjs.org/xml2js/-/xml2js-0.4.0.tgz",
      "integrity": "sha512-Uo9irqHi4waSloqTJ37nHn/XzbYi8JL/TYzMb+pq8xkINNayVhPTGOh8XWhZTP2WD3dX8Ngm5bGc+7YDnIoYIw==",
      "requires": {
        "sax": "0.5.x",
        "xmlbuilder": ">=0.4.2"
      }
    },
    "xmlbuilder": {
      "version": "15.1.1",
      "resolved": "https://registry.npmjs.org/xmlbuilder/-/xmlbuilder-15.1.1.tgz",
      "integrity": "sha512-yMqGBqtXyeN1e3TGYvgNgDVZ3j84W4cwkOXQswghol6APgZWaff9lnbvN7MHYJOiXsvGPXtjTYJEiC9J2wv9Eg=="
    },
    "yaml": {
      "version": "0.2.3",
      "resolved": "https://registry.npmjs.org/yaml/-/yaml-0.2.3.tgz",
      "integrity": "sha512-LzdhmhritYCRww8GLH95Sk5A2c18ddRQMeooOUnqWkDUnBbmVfqgg2fXH2MxAHYHCVTHDK1EEbmgItQ8kOpM0Q=="
    }
  }
}
